// !$*UTF8*$!
{
	archiveVersion = 1;
	classes = {
	};
	objectVersion = 48;
	objects = {

/* Begin PBXBuildFile section */
		5D7BF425206B957E00B78712 /* AppDelegate.m in Sources */ = {isa = PBXBuildFile; fileRef = 5D7BF424206B957E00B78712 /* AppDelegate.m */; };
		5D7BF42B206B957E00B78712 /* Main.storyboard in Resources */ = {isa = PBXBuildFile; fileRef = 5D7BF429206B957E00B78712 /* Main.storyboard */; };
		5D7BF42D206B957E00B78712 /* Assets.xcassets in Resources */ = {isa = PBXBuildFile; fileRef = 5D7BF42C206B957E00B78712 /* Assets.xcassets */; };
		5D7BF430206B957E00B78712 /* LaunchScreen.storyboard in Resources */ = {isa = PBXBuildFile; fileRef = 5D7BF42E206B957E00B78712 /* LaunchScreen.storyboard */; };
		5D7BF433206B957E00B78712 /* main.m in Sources */ = {isa = PBXBuildFile; fileRef = 5D7BF432206B957E00B78712 /* main.m */; };
		5D7BF43D206B957E00B78712 /* testAPPTests.m in Sources */ = {isa = PBXBuildFile; fileRef = 5D7BF43C206B957E00B78712 /* testAPPTests.m */; };
		5D7BF448206B957E00B78712 /* testAPPUITests.m in Sources */ = {isa = PBXBuildFile; fileRef = 5D7BF447206B957E00B78712 /* testAPPUITests.m */; };
		B513B15B22432E0700F5B980 /* ZBTextField.m in Sources */ = {isa = PBXBuildFile; fileRef = B513B15922432E0700F5B980 /* ZBTextField.m */; };
		B556D3CB22432BB70054EFCD /* ViewController.m in Sources */ = {isa = PBXBuildFile; fileRef = B556D3CA22432BB70054EFCD /* ViewController.m */; };
		B5C8BA4020AAA6EB00120899 /* greenColor@2x.png in Resources */ = {isa = PBXBuildFile; fileRef = B5C8BA3F20AAA6EB00120899 /* greenColor@2x.png */; };
		E1D5B4E2B164779C4A0FE6D5 /* Pods_testAPP.framework in Frameworks */ = {isa = PBXBuildFile; fileRef = 05DA507A0F7F379FF478512B /* Pods_testAPP.framework */; };
/* End PBXBuildFile section */

/* Begin PBXContainerItemProxy section */
		5D7BF439206B957E00B78712 /* PBXContainerItemProxy */ = {
			isa = PBXContainerItemProxy;
			containerPortal = 5D7BF418206B957E00B78712 /* Project object */;
			proxyType = 1;
			remoteGlobalIDString = 5D7BF41F206B957E00B78712;
			remoteInfo = testAPP;
		};
		5D7BF444206B957E00B78712 /* PBXContainerItemProxy */ = {
			isa = PBXContainerItemProxy;
			containerPortal = 5D7BF418206B957E00B78712 /* Project object */;
			proxyType = 1;
			remoteGlobalIDString = 5D7BF41F206B957E00B78712;
			remoteInfo = testAPP;
		};
/* End PBXContainerItemProxy section */

/* Begin PBXFileReference section */
		05DA507A0F7F379FF478512B /* Pods_testAPP.framework */ = {isa = PBXFileReference; explicitFileType = wrapper.framework; includeInIndex = 0; path = Pods_testAPP.framework; sourceTree = BUILT_PRODUCTS_DIR; };
		2CE77F87D75DEC6121AF6718 /* Pods-testAPP.release.xcconfig */ = {isa = PBXFileReference; includeInIndex = 1; lastKnownFileType = text.xcconfig; name = "Pods-testAPP.release.xcconfig"; path = "Pods/Target Support Files/Pods-testAPP/Pods-testAPP.release.xcconfig"; sourceTree = "<group>"; };
		5D7BF420206B957E00B78712 /* testAPP.app */ = {isa = PBXFileReference; explicitFileType = wrapper.application; includeInIndex = 0; path = testAPP.app; sourceTree = BUILT_PRODUCTS_DIR; };
		5D7BF423206B957E00B78712 /* AppDelegate.h */ = {isa = PBXFileReference; lastKnownFileType = sourcecode.c.h; path = AppDelegate.h; sourceTree = "<group>"; };
		5D7BF424206B957E00B78712 /* AppDelegate.m */ = {isa = PBXFileReference; lastKnownFileType = sourcecode.c.objc; path = AppDelegate.m; sourceTree = "<group>"; };
		5D7BF42A206B957E00B78712 /* Base */ = {isa = PBXFileReference; lastKnownFileType = file.storyboard; name = Base; path = Base.lproj/Main.storyboard; sourceTree = "<group>"; };
		5D7BF42C206B957E00B78712 /* Assets.xcassets */ = {isa = PBXFileReference; lastKnownFileType = folder.assetcatalog; path = Assets.xcassets; sourceTree = "<group>"; };
		5D7BF42F206B957E00B78712 /* Base */ = {isa = PBXFileReference; lastKnownFileType = file.storyboard; name = Base; path = Base.lproj/LaunchScreen.storyboard; sourceTree = "<group>"; };
		5D7BF431206B957E00B78712 /* Info.plist */ = {isa = PBXFileReference; lastKnownFileType = text.plist.xml; path = Info.plist; sourceTree = "<group>"; };
		5D7BF432206B957E00B78712 /* main.m */ = {isa = PBXFileReference; lastKnownFileType = sourcecode.c.objc; path = main.m; sourceTree = "<group>"; };
		5D7BF438206B957E00B78712 /* testAPPTests.xctest */ = {isa = PBXFileReference; explicitFileType = wrapper.cfbundle; includeInIndex = 0; path = testAPPTests.xctest; sourceTree = BUILT_PRODUCTS_DIR; };
		5D7BF43C206B957E00B78712 /* testAPPTests.m */ = {isa = PBXFileReference; lastKnownFileType = sourcecode.c.objc; path = testAPPTests.m; sourceTree = "<group>"; };
		5D7BF43E206B957E00B78712 /* Info.plist */ = {isa = PBXFileReference; lastKnownFileType = text.plist.xml; path = Info.plist; sourceTree = "<group>"; };
		5D7BF443206B957E00B78712 /* testAPPUITests.xctest */ = {isa = PBXFileReference; explicitFileType = wrapper.cfbundle; includeInIndex = 0; path = testAPPUITests.xctest; sourceTree = BUILT_PRODUCTS_DIR; };
		5D7BF447206B957E00B78712 /* testAPPUITests.m */ = {isa = PBXFileReference; lastKnownFileType = sourcecode.c.objc; path = testAPPUITests.m; sourceTree = "<group>"; };
		5D7BF449206B957E00B78712 /* Info.plist */ = {isa = PBXFileReference; lastKnownFileType = text.plist.xml; path = Info.plist; sourceTree = "<group>"; };
		B480BBC5F6A2A3DC7B259DD9 /* Pods-testAPP.debug.xcconfig */ = {isa = PBXFileReference; includeInIndex = 1; lastKnownFileType = text.xcconfig; name = "Pods-testAPP.debug.xcconfig"; path = "Pods/Target Support Files/Pods-testAPP/Pods-testAPP.debug.xcconfig"; sourceTree = "<group>"; };
		B513B15922432E0700F5B980 /* ZBTextField.m */ = {isa = PBXFileReference; fileEncoding = 4; lastKnownFileType = sourcecode.c.objc; path = ZBTextField.m; sourceTree = "<group>"; };
		B513B15A22432E0700F5B980 /* ZBTextField.h */ = {isa = PBXFileReference; fileEncoding = 4; lastKnownFileType = sourcecode.c.h; path = ZBTextField.h; sourceTree = "<group>"; };
		B556D3C922432BB70054EFCD /* ViewController.h */ = {isa = PBXFileReference; lastKnownFileType = sourcecode.c.h; path = ViewController.h; sourceTree = "<group>"; };
		B556D3CA22432BB70054EFCD /* ViewController.m */ = {isa = PBXFileReference; lastKnownFileType = sourcecode.c.objc; path = ViewController.m; sourceTree = "<group>"; };
		B5C8BA3F20AAA6EB00120899 /* greenColor@2x.png */ = {isa = PBXFileReference; lastKnownFileType = image.png; path = "greenColor@2x.png"; sourceTree = "<group>"; };
/* End PBXFileReference section */

/* Begin PBXFrameworksBuildPhase section */
		5D7BF41D206B957E00B78712 /* Frameworks */ = {
			isa = PBXFrameworksBuildPhase;
			buildActionMask = 2147483647;
			files = (
				E1D5B4E2B164779C4A0FE6D5 /* Pods_testAPP.framework in Frameworks */,
			);
			runOnlyForDeploymentPostprocessing = 0;
		};
		5D7BF435206B957E00B78712 /* Frameworks */ = {
			isa = PBXFrameworksBuildPhase;
			buildActionMask = 2147483647;
			files = (
			);
			runOnlyForDeploymentPostprocessing = 0;
		};
		5D7BF440206B957E00B78712 /* Frameworks */ = {
			isa = PBXFrameworksBuildPhase;
			buildActionMask = 2147483647;
			files = (
			);
			runOnlyForDeploymentPostprocessing = 0;
		};
/* End PBXFrameworksBuildPhase section */

/* Begin PBXGroup section */
		1A4ED4C947F9ACC3D65309E2 /* Pods */ = {
			isa = PBXGroup;
			children = (
				B480BBC5F6A2A3DC7B259DD9 /* Pods-testAPP.debug.xcconfig */,
				2CE77F87D75DEC6121AF6718 /* Pods-testAPP.release.xcconfig */,
			);
			name = Pods;
			sourceTree = "<group>";
		};
		5D7BF417206B957E00B78712 = {
			isa = PBXGroup;
			children = (
				5D7BF422206B957E00B78712 /* testAPP */,
				5D7BF43B206B957E00B78712 /* testAPPTests */,
				5D7BF446206B957E00B78712 /* testAPPUITests */,
				5D7BF421206B957E00B78712 /* Products */,
				1A4ED4C947F9ACC3D65309E2 /* Pods */,
				E6FDCCBB3E3B6165F791F00A /* Frameworks */,
			);
			sourceTree = "<group>";
		};
		5D7BF421206B957E00B78712 /* Products */ = {
			isa = PBXGroup;
			children = (
				5D7BF420206B957E00B78712 /* testAPP.app */,
				5D7BF438206B957E00B78712 /* testAPPTests.xctest */,
				5D7BF443206B957E00B78712 /* testAPPUITests.xctest */,
			);
			name = Products;
			sourceTree = "<group>";
		};
		5D7BF422206B957E00B78712 /* testAPP */ = {
			isa = PBXGroup;
			children = (
				5D7BF423206B957E00B78712 /* AppDelegate.h */,
				5D7BF424206B957E00B78712 /* AppDelegate.m */,
				B513B15A22432E0700F5B980 /* ZBTextField.h */,
				B513B15922432E0700F5B980 /* ZBTextField.m */,
				5D7BF429206B957E00B78712 /* Main.storyboard */,
				B5C8BA3F20AAA6EB00120899 /* greenColor@2x.png */,
				5D7BF42C206B957E00B78712 /* Assets.xcassets */,
				5D7BF42E206B957E00B78712 /* LaunchScreen.storyboard */,
				5D7BF431206B957E00B78712 /* Info.plist */,
				5D7BF432206B957E00B78712 /* main.m */,
				B556D3C922432BB70054EFCD /* ViewController.h */,
				B556D3CA22432BB70054EFCD /* ViewController.m */,
			);
			path = testAPP;
			sourceTree = "<group>";
		};
		5D7BF43B206B957E00B78712 /* testAPPTests */ = {
			isa = PBXGroup;
			children = (
				5D7BF43C206B957E00B78712 /* testAPPTests.m */,
				5D7BF43E206B957E00B78712 /* Info.plist */,
			);
			path = testAPPTests;
			sourceTree = "<group>";
		};
		5D7BF446206B957E00B78712 /* testAPPUITests */ = {
			isa = PBXGroup;
			children = (
				5D7BF447206B957E00B78712 /* testAPPUITests.m */,
				5D7BF449206B957E00B78712 /* Info.plist */,
			);
			path = testAPPUITests;
			sourceTree = "<group>";
		};
		E6FDCCBB3E3B6165F791F00A /* Frameworks */ = {
			isa = PBXGroup;
			children = (
				05DA507A0F7F379FF478512B /* Pods_testAPP.framework */,
			);
			name = Frameworks;
			sourceTree = "<group>";
		};
/* End PBXGroup section */

/* Begin PBXNativeTarget section */
		5D7BF41F206B957E00B78712 /* testAPP */ = {
			isa = PBXNativeTarget;
			buildConfigurationList = 5D7BF44C206B957E00B78712 /* Build configuration list for PBXNativeTarget "testAPP" */;
			buildPhases = (
				A801EAD7FD81D4FC2782276E /* [CP] Check Pods Manifest.lock */,
				5D7BF41C206B957E00B78712 /* Sources */,
				5D7BF41D206B957E00B78712 /* Frameworks */,
				5D7BF41E206B957E00B78712 /* Resources */,
				8144D5D1BDBB527C0441D39D /* [CP] Embed Pods Frameworks */,
			);
			buildRules = (
			);
			dependencies = (
			);
			name = testAPP;
			productName = testAPP;
			productReference = 5D7BF420206B957E00B78712 /* testAPP.app */;
			productType = "com.apple.product-type.application";
		};
		5D7BF437206B957E00B78712 /* testAPPTests */ = {
			isa = PBXNativeTarget;
			buildConfigurationList = 5D7BF44F206B957E00B78712 /* Build configuration list for PBXNativeTarget "testAPPTests" */;
			buildPhases = (
				5D7BF434206B957E00B78712 /* Sources */,
				5D7BF435206B957E00B78712 /* Frameworks */,
				5D7BF436206B957E00B78712 /* Resources */,
			);
			buildRules = (
			);
			dependencies = (
				5D7BF43A206B957E00B78712 /* PBXTargetDependency */,
			);
			name = testAPPTests;
			productName = testAPPTests;
			productReference = 5D7BF438206B957E00B78712 /* testAPPTests.xctest */;
			productType = "com.apple.product-type.bundle.unit-test";
		};
		5D7BF442206B957E00B78712 /* testAPPUITests */ = {
			isa = PBXNativeTarget;
			buildConfigurationList = 5D7BF452206B957E00B78712 /* Build configuration list for PBXNativeTarget "testAPPUITests" */;
			buildPhases = (
				5D7BF43F206B957E00B78712 /* Sources */,
				5D7BF440206B957E00B78712 /* Frameworks */,
				5D7BF441206B957E00B78712 /* Resources */,
			);
			buildRules = (
			);
			dependencies = (
				5D7BF445206B957E00B78712 /* PBXTargetDependency */,
			);
			name = testAPPUITests;
			productName = testAPPUITests;
			productReference = 5D7BF443206B957E00B78712 /* testAPPUITests.xctest */;
			productType = "com.apple.product-type.bundle.ui-testing";
		};
/* End PBXNativeTarget section */

/* Begin PBXProject section */
		5D7BF418206B957E00B78712 /* Project object */ = {
			isa = PBXProject;
			attributes = {
				LastUpgradeCheck = 0920;
				ORGANIZATIONNAME = "王雅强";
				TargetAttributes = {
					5D7BF41F206B957E00B78712 = {
						CreatedOnToolsVersion = 9.2;
						ProvisioningStyle = Automatic;
					};
					5D7BF437206B957E00B78712 = {
						CreatedOnToolsVersion = 9.2;
						ProvisioningStyle = Automatic;
						TestTargetID = 5D7BF41F206B957E00B78712;
					};
					5D7BF442206B957E00B78712 = {
						CreatedOnToolsVersion = 9.2;
						ProvisioningStyle = Automatic;
						TestTargetID = 5D7BF41F206B957E00B78712;
					};
				};
			};
			buildConfigurationList = 5D7BF41B206B957E00B78712 /* Build configuration list for PBXProject "testAPP" */;
			compatibilityVersion = "Xcode 8.0";
			developmentRegion = en;
			hasScannedForEncodings = 0;
			knownRegions = (
				en,
				Base,
			);
			mainGroup = 5D7BF417206B957E00B78712;
			productRefGroup = 5D7BF421206B957E00B78712 /* Products */;
			projectDirPath = "";
			projectRoot = "";
			targets = (
				5D7BF41F206B957E00B78712 /* testAPP */,
				5D7BF437206B957E00B78712 /* testAPPTests */,
				5D7BF442206B957E00B78712 /* testAPPUITests */,
			);
		};
/* End PBXProject section */

/* Begin PBXResourcesBuildPhase section */
		5D7BF41E206B957E00B78712 /* Resources */ = {
			isa = PBXResourcesBuildPhase;
			buildActionMask = 2147483647;
			files = (
				B5C8BA4020AAA6EB00120899 /* greenColor@2x.png in Resources */,
				5D7BF430206B957E00B78712 /* LaunchScreen.storyboard in Resources */,
				5D7BF42D206B957E00B78712 /* Assets.xcassets in Resources */,
				5D7BF42B206B957E00B78712 /* Main.storyboard in Resources */,
			);
			runOnlyForDeploymentPostprocessing = 0;
		};
		5D7BF436206B957E00B78712 /* Resources */ = {
			isa = PBXResourcesBuildPhase;
			buildActionMask = 2147483647;
			files = (
			);
			runOnlyForDeploymentPostprocessing = 0;
		};
		5D7BF441206B957E00B78712 /* Resources */ = {
			isa = PBXResourcesBuildPhase;
			buildActionMask = 2147483647;
			files = (
			);
			runOnlyForDeploymentPostprocessing = 0;
		};
/* End PBXResourcesBuildPhase section */

/* Begin PBXShellScriptBuildPhase section */
		8144D5D1BDBB527C0441D39D /* [CP] Embed Pods Frameworks */ = {
			isa = PBXShellScriptBuildPhase;
			buildActionMask = 2147483647;
			files = (
			);
			inputPaths = (
				"${SRCROOT}/Pods/Target Support Files/Pods-testAPP/Pods-testAPP-frameworks.sh",
				"${BUILT_PRODUCTS_DIR}/AFNetworking/AFNetworking.framework",
				"${BUILT_PRODUCTS_DIR}/FLEX/FLEX.framework",
				"${BUILT_PRODUCTS_DIR}/MBProgressHUD/MBProgressHUD.framework",
				"${BUILT_PRODUCTS_DIR}/MJRefresh/MJRefresh.framework",
				"${BUILT_PRODUCTS_DIR}/Masonry/Masonry.framework",
				"${BUILT_PRODUCTS_DIR}/YYKit/YYKit.framework",
			);
			name = "[CP] Embed Pods Frameworks";
			outputPaths = (
				"${TARGET_BUILD_DIR}/${FRAMEWORKS_FOLDER_PATH}/AFNetworking.framework",
				"${TARGET_BUILD_DIR}/${FRAMEWORKS_FOLDER_PATH}/FLEX.framework",
				"${TARGET_BUILD_DIR}/${FRAMEWORKS_FOLDER_PATH}/MBProgressHUD.framework",
				"${TARGET_BUILD_DIR}/${FRAMEWORKS_FOLDER_PATH}/MJRefresh.framework",
				"${TARGET_BUILD_DIR}/${FRAMEWORKS_FOLDER_PATH}/Masonry.framework",
				"${TARGET_BUILD_DIR}/${FRAMEWORKS_FOLDER_PATH}/YYKit.framework",
			);
			runOnlyForDeploymentPostprocessing = 0;
			shellPath = /bin/sh;
			shellScript = "\"${SRCROOT}/Pods/Target Support Files/Pods-testAPP/Pods-testAPP-frameworks.sh\"\n";
			showEnvVarsInLog = 0;
		};
		A801EAD7FD81D4FC2782276E /* [CP] Check Pods Manifest.lock */ = {
			isa = PBXShellScriptBuildPhase;
			buildActionMask = 2147483647;
			files = (
			);
			inputPaths = (
				"${PODS_PODFILE_DIR_PATH}/Podfile.lock",
				"${PODS_ROOT}/Manifest.lock",
			);
			name = "[CP] Check Pods Manifest.lock";
			outputPaths = (
				"$(DERIVED_FILE_DIR)/Pods-testAPP-checkManifestLockResult.txt",
			);
			runOnlyForDeploymentPostprocessing = 0;
			shellPath = /bin/sh;
			shellScript = "diff \"${PODS_PODFILE_DIR_PATH}/Podfile.lock\" \"${PODS_ROOT}/Manifest.lock\" > /dev/null\nif [ $? != 0 ] ; then\n    # print error to STDERR\n    echo \"error: The sandbox is not in sync with the Podfile.lock. Run 'pod install' or update your CocoaPods installation.\" >&2\n    exit 1\nfi\n# This output is used by Xcode 'outputs' to avoid re-running this script phase.\necho \"SUCCESS\" > \"${SCRIPT_OUTPUT_FILE_0}\"\n";
			showEnvVarsInLog = 0;
		};
/* End PBXShellScriptBuildPhase section */

/* Begin PBXSourcesBuildPhase section */
		5D7BF41C206B957E00B78712 /* Sources */ = {
			isa = PBXSourcesBuildPhase;
			buildActionMask = 2147483647;
			files = (
				B556D3CB22432BB70054EFCD /* ViewController.m in Sources */,
				B513B15B22432E0700F5B980 /* ZBTextField.m in Sources */,
				5D7BF433206B957E00B78712 /* main.m in Sources */,
				5D7BF425206B957E00B78712 /* AppDelegate.m in Sources */,
			);
			runOnlyForDeploymentPostprocessing = 0;
		};
		5D7BF434206B957E00B78712 /* Sources */ = {
			isa = PBXSourcesBuildPhase;
			buildActionMask = 2147483647;
			files = (
				5D7BF43D206B957E00B78712 /* testAPPTests.m in Sources */,
			);
			runOnlyForDeploymentPostprocessing = 0;
		};
		5D7BF43F206B957E00B78712 /* Sources */ = {
			isa = PBXSourcesBuildPhase;
			buildActionMask = 2147483647;
			files = (
				5D7BF448206B957E00B78712 /* testAPPUITests.m in Sources */,
			);
			runOnlyForDeploymentPostprocessing = 0;
		};
/* End PBXSourcesBuildPhase section */

/* Begin PBXTargetDependency section */
		5D7BF43A206B957E00B78712 /* PBXTargetDependency */ = {
			isa = PBXTargetDependency;
			target = 5D7BF41F206B957E00B78712 /* testAPP */;
			targetProxy = 5D7BF439206B957E00B78712 /* PBXContainerItemProxy */;
		};
		5D7BF445206B957E00B78712 /* PBXTargetDependency */ = {
			isa = PBXTargetDependency;
			target = 5D7BF41F206B957E00B78712 /* testAPP */;
			targetProxy = 5D7BF444206B957E00B78712 /* PBXContainerItemProxy */;
		};
/* End PBXTargetDependency section */

/* Begin PBXVariantGroup section */
		5D7BF429206B957E00B78712 /* Main.storyboard */ = {
			isa = PBXVariantGroup;
			children = (
				5D7BF42A206B957E00B78712 /* Base */,
			);
			name = Main.storyboard;
			sourceTree = "<group>";
		};
		5D7BF42E206B957E00B78712 /* LaunchScreen.storyboard */ = {
			isa = PBXVariantGroup;
			children = (
				5D7BF42F206B957E00B78712 /* Base */,
			);
			name = LaunchScreen.storyboard;
			sourceTree = "<group>";
		};
/* End PBXVariantGroup section */

/* Begin XCBuildConfiguration section */
		5D7BF44A206B957E00B78712 /* Debug */ = {
			isa = XCBuildConfiguration;
			buildSettings = {
				ALWAYS_SEARCH_USER_PATHS = NO;
				CLANG_ANALYZER_NONNULL = YES;
				CLANG_ANALYZER_NUMBER_OBJECT_CONVERSION = YES_AGGRESSIVE;
				CLANG_CXX_LANGUAGE_STANDARD = "gnu++14";
				CLANG_CXX_LIBRARY = "libc++";
				CLANG_ENABLE_MODULES = YES;
				CLANG_ENABLE_OBJC_ARC = YES;
				CLANG_WARN_BLOCK_CAPTURE_AUTORELEASING = YES;
				CLANG_WARN_BOOL_CONVERSION = YES;
				CLANG_WARN_COMMA = YES;
				CLANG_WARN_CONSTANT_CONVERSION = YES;
				CLANG_WARN_DIRECT_OBJC_ISA_USAGE = YES_ERROR;
				CLANG_WARN_DOCUMENTATION_COMMENTS = YES;
				CLANG_WARN_EMPTY_BODY = YES;
				CLANG_WARN_ENUM_CONVERSION = YES;
				CLANG_WARN_INFINITE_RECURSION = YES;
				CLANG_WARN_INT_CONVERSION = YES;
				CLANG_WARN_NON_LITERAL_NULL_CONVERSION = YES;
				CLANG_WARN_OBJC_LITERAL_CONVERSION = YES;
				CLANG_WARN_OBJC_ROOT_CLASS = YES_ERROR;
				CLANG_WARN_RANGE_LOOP_ANALYSIS = YES;
				CLANG_WARN_STRICT_PROTOTYPES = YES;
				CLANG_WARN_SUSPICIOUS_MOVE = YES;
				CLANG_WARN_UNGUARDED_AVAILABILITY = YES_AGGRESSIVE;
				CLANG_WARN_UNREACHABLE_CODE = YES;
				CLANG_WARN__DUPLICATE_METHOD_MATCH = YES;
				CODE_SIGN_IDENTITY = "iPhone Developer";
				COPY_PHASE_STRIP = NO;
				DEBUG_INFORMATION_FORMAT = dwarf;
				ENABLE_STRICT_OBJC_MSGSEND = YES;
				ENABLE_TESTABILITY = YES;
				GCC_C_LANGUAGE_STANDARD = gnu11;
				GCC_DYNAMIC_NO_PIC = NO;
				GCC_NO_COMMON_BLOCKS = YES;
				GCC_OPTIMIZATION_LEVEL = 0;
				GCC_PREPROCESSOR_DEFINITIONS = (
					"DEBUG=1",
					"$(inherited)",
				);
				GCC_WARN_64_TO_32_BIT_CONVERSION = YES;
				GCC_WARN_ABOUT_RETURN_TYPE = YES_ERROR;
				GCC_WARN_UNDECLARED_SELECTOR = YES;
				GCC_WARN_UNINITIALIZED_AUTOS = YES_AGGRESSIVE;
				GCC_WARN_UNUSED_FUNCTION = YES;
				GCC_WARN_UNUSED_VARIABLE = YES;
				IPHONEOS_DEPLOYMENT_TARGET = 11.2;
				MTL_ENABLE_DEBUG_INFO = YES;
				ONLY_ACTIVE_ARCH = YES;
				SDKROOT = iphoneos;
			};
			name = Debug;
		};
		5D7BF44B206B957E00B78712 /* Release */ = {
			isa = XCBuildConfiguration;
			buildSettings = {
				ALWAYS_SEARCH_USER_PATHS = NO;
				CLANG_ANALYZER_NONNULL = YES;
				CLANG_ANALYZER_NUMBER_OBJECT_CONVERSION = YES_AGGRESSIVE;
				CLANG_CXX_LANGUAGE_STANDARD = "gnu++14";
				CLANG_CXX_LIBRARY = "libc++";
				CLANG_ENABLE_MODULES = YES;
				CLANG_ENABLE_OBJC_ARC = YES;
				CLANG_WARN_BLOCK_CAPTURE_AUTORELEASING = YES;
				CLANG_WARN_BOOL_CONVERSION = YES;
				CLANG_WARN_COMMA = YES;
				CLANG_WARN_CONSTANT_CONVERSION = YES;
				CLANG_WARN_DIRECT_OBJC_ISA_USAGE = YES_ERROR;
				CLANG_WARN_DOCUMENTATION_COMMENTS = YES;
				CLANG_WARN_EMPTY_BODY = YES;
				CLANG_WARN_ENUM_CONVERSION = YES;
				CLANG_WARN_INFINITE_RECURSION = YES;
				CLANG_WARN_INT_CONVERSION = YES;
				CLANG_WARN_NON_LITERAL_NULL_CONVERSION = YES;
				CLANG_WARN_OBJC_LITERAL_CONVERSION = YES;
				CLANG_WARN_OBJC_ROOT_CLASS = YES_ERROR;
				CLANG_WARN_RANGE_LOOP_ANALYSIS = YES;
				CLANG_WARN_STRICT_PROTOTYPES = YES;
				CLANG_WARN_SUSPICIOUS_MOVE = YES;
				CLANG_WARN_UNGUARDED_AVAILABILITY = YES_AGGRESSIVE;
				CLANG_WARN_UNREACHABLE_CODE = YES;
				CLANG_WARN__DUPLICATE_METHOD_MATCH = YES;
				CODE_SIGN_IDENTITY = "iPhone Developer";
				COPY_PHASE_STRIP = NO;
				DEBUG_INFORMATION_FORMAT = "dwarf-with-dsym";
				ENABLE_NS_ASSERTIONS = NO;
				ENABLE_STRICT_OBJC_MSGSEND = YES;
				GCC_C_LANGUAGE_STANDARD = gnu11;
				GCC_NO_COMMON_BLOCKS = YES;
				GCC_WARN_64_TO_32_BIT_CONVERSION = YES;
				GCC_WARN_ABOUT_RETURN_TYPE = YES_ERROR;
				GCC_WARN_UNDECLARED_SELECTOR = YES;
				GCC_WARN_UNINITIALIZED_AUTOS = YES_AGGRESSIVE;
				GCC_WARN_UNUSED_FUNCTION = YES;
				GCC_WARN_UNUSED_VARIABLE = YES;
				IPHONEOS_DEPLOYMENT_TARGET = 11.2;
				MTL_ENABLE_DEBUG_INFO = NO;
				SDKROOT = iphoneos;
				VALIDATE_PRODUCT = YES;
			};
			name = Release;
		};
		5D7BF44D206B957E00B78712 /* Debug */ = {
			isa = XCBuildConfiguration;
			baseConfigurationReference = B480BBC5F6A2A3DC7B259DD9 /* Pods-testAPP.debug.xcconfig */;
			buildSettings = {
				ASSETCATALOG_COMPILER_APPICON_NAME = AppIcon;
				CODE_SIGN_STYLE = Automatic;
				DEVELOPMENT_TEAM = 5P46D56G7P;
				INFOPLIST_FILE = testAPP/Info.plist;
				IPHONEOS_DEPLOYMENT_TARGET = 9.0;
				LD_RUNPATH_SEARCH_PATHS = "$(inherited) @executable_path/Frameworks";
				PRODUCT_BUNDLE_IDENTIFIER = com.neo.www.testAPP;
				PRODUCT_NAME = "$(TARGET_NAME)";
				TARGETED_DEVICE_FAMILY = "1,2";
			};
			name = Debug;
		};
		5D7BF44E206B957E00B78712 /* Release */ = {
			isa = XCBuildConfiguration;
			baseConfigurationReference = 2CE77F87D75DEC6121AF6718 /* Pods-testAPP.release.xcconfig */;
			buildSettings = {
				ASSETCATALOG_COMPILER_APPICON_NAME = AppIcon;
				CODE_SIGN_STYLE = Automatic;
				DEVELOPMENT_TEAM = 5P46D56G7P;
				INFOPLIST_FILE = testAPP/Info.plist;
				IPHONEOS_DEPLOYMENT_TARGET = 9.0;
				LD_RUNPATH_SEARCH_PATHS = "$(inherited) @executable_path/Frameworks";
				PRODUCT_BUNDLE_IDENTIFIER = com.neo.www.testAPP;
				PRODUCT_NAME = "$(TARGET_NAME)";
				TARGETED_DEVICE_FAMILY = "1,2";
			};
			name = Release;
		};
		5D7BF450206B957E00B78712 /* Debug */ = {
			isa = XCBuildConfiguration;
			buildSettings = {
				BUNDLE_LOADER = "$(TEST_HOST)";
				CODE_SIGN_STYLE = Automatic;
				INFOPLIST_FILE = testAPPTests/Info.plist;
				LD_RUNPATH_SEARCH_PATHS = "$(inherited) @executable_path/Frameworks @loader_path/Frameworks";
				PRODUCT_BUNDLE_IDENTIFIER = com.neo.www.testAPPTests;
				PRODUCT_NAME = "$(TARGET_NAME)";
				TARGETED_DEVICE_FAMILY = "1,2";
				TEST_HOST = "$(BUILT_PRODUCTS_DIR)/testAPP.app/testAPP";
			};
			name = Debug;
		};
		5D7BF451206B957E00B78712 /* Release */ = {
			isa = XCBuildConfiguration;
			buildSettings = {
				BUNDLE_LOADER = "$(TEST_HOST)";
				CODE_SIGN_STYLE = Automatic;
				INFOPLIST_FILE = testAPPTests/Info.plist;
				LD_RUNPATH_SEARCH_PATHS = "$(inherited) @executable_path/Frameworks @loader_path/Frameworks";
				PRODUCT_BUNDLE_IDENTIFIER = com.neo.www.testAPPTests;
				PRODUCT_NAME = "$(TARGET_NAME)";
				TARGETED_DEVICE_FAMILY = "1,2";
				TEST_HOST = "$(BUILT_PRODUCTS_DIR)/testAPP.app/testAPP";
			};
			name = Release;
		};
		5D7BF453206B957E00B78712 /* Debug */ = {
			isa = XCBuildConfiguration;
			buildSettings = {
				CODE_SIGN_STYLE = Automatic;
				INFOPLIST_FILE = testAPPUITests/Info.plist;
				LD_RUNPATH_SEARCH_PATHS = "$(inherited) @executable_path/Frameworks @loader_path/Frameworks";
				PRODUCT_BUNDLE_IDENTIFIER = com.neo.www.testAPPUITests;
				PRODUCT_NAME = "$(TARGET_NAME)";
				TARGETED_DEVICE_FAMILY = "1,2";
				TEST_TARGET_NAME = testAPP;
			};
			name = Debug;
		};
		5D7BF454206B957E00B78712 /* Release */ = {
			isa = XCBuildConfiguration;
			buildSettings = {
				CODE_SIGN_STYLE = Automatic;
				INFOPLIST_FILE = testAPPUITests/Info.plist;
				LD_RUNPATH_SEARCH_PATHS = "$(inherited) @executable_path/Frameworks @loader_path/Frameworks";
				PRODUCT_BUNDLE_IDENTIFIER = com.neo.www.testAPPUITests;
				PRODUCT_NAME = "$(TARGET_NAME)";
				TARGETED_DEVICE_FAMILY = "1,2";
				TEST_TARGET_NAME = testAPP;
			};
			name = Release;
		};
/* End XCBuildConfiguration section */

/* Begin XCConfigurationList section */
		5D7BF41B206B957E00B78712 /* Build configuration list for PBXProject "testAPP" */ = {
			isa = XCConfigurationList;
			buildConfigurations = (
				5D7BF44A206B957E00B78712 /* Debug */,
				5D7BF44B206B957E00B78712 /* Release */,
			);
			defaultConfigurationIsVisible = 0;
			defaultConfigurationName = Release;
		};
		5D7BF44C206B957E00B78712 /* Build configuration list for PBXNativeTarget "testAPP" */ = {
			isa = XCConfigurationList;
			buildConfigurations = (
				5D7BF44D206B957E00B78712 /* Debug */,
				5D7BF44E206B957E00B78712 /* Release */,
			);
			defaultConfigurationIsVisible = 0;
			defaultConfigurationName = Release;
		};
		5D7BF44F206B957E00B78712 /* Build configuration list for PBXNativeTarget "testAPPTests" */ = {
			isa = XCConfigurationList;
			buildConfigurations = (
				5D7BF450206B957E00B78712 /* Debug */,
				5D7BF451206B957E00B78712 /* Release */,
			);
			defaultConfigurationIsVisible = 0;
			defaultConfigurationName = Release;
		};
		5D7BF452206B957E00B78712 /* Build configuration list for PBXNativeTarget "testAPPUITests" */ = {
			isa = XCConfigurationList;
			buildConfigurations = (
				5D7BF453206B957E00B78712 /* Debug */,
				5D7BF454206B957E00B78712 /* Release */,
			);
			defaultConfigurationIsVisible = 0;
			defaultConfigurationName = Release;
		};
/* End XCConfigurationList section */
	};
	rootObject = 5D7BF418206B957E00B78712 /* Project object */;
}
