// !$*UTF8*$!
{
	archiveVersion = 1;
	classes = {
	};
	objectVersion = 46;
	objects = {

/* Begin PBXBuildFile section */
		5DE16FBD2053BEB600B48028 /* NSArray+Log.m in Sources */ = {isa = PBXBuildFile; fileRef = 5DE16FB92053BEB600B48028 /* NSArray+Log.m */; };
		5DE16FC52053BF7100B48028 /* RDVTabBar.m in Sources */ = {isa = PBXBuildFile; fileRef = 5DE16FC02053BF7100B48028 /* RDVTabBar.m */; };
		5DE16FC62053BF7100B48028 /* RDVTabBarController.m in Sources */ = {isa = PBXBuildFile; fileRef = 5DE16FC22053BF7100B48028 /* RDVTabBarController.m */; };
		5DE16FC72053BF7100B48028 /* RDVTabBarItem.m in Sources */ = {isa = PBXBuildFile; fileRef = 5DE16FC42053BF7100B48028 /* RDVTabBarItem.m */; };
		5DE16FCA2053C00500B48028 /* WYQTabBarController.m in Sources */ = {isa = PBXBuildFile; fileRef = 5DE16FC92053C00500B48028 /* WYQTabBarController.m */; };
		95ED0119DFC86DA6B766A9F4 /* Pods________.framework in Frameworks */ = {isa = PBXBuildFile; fileRef = CFAAD0374AD7C1067199FD96 /* Pods________.framework */; };
		B55D6F972328E54100EBD076 /* JRSwizzle.m in Sources */ = {isa = PBXBuildFile; fileRef = B55D6F952328E54000EBD076 /* JRSwizzle.m */; };
		B5C3E93620198DB3002BD045 /* main.m in Sources */ = {isa = PBXBuildFile; fileRef = B5C3E93520198DB3002BD045 /* main.m */; };
		B5C3E93920198DB3002BD045 /* AppDelegate.m in Sources */ = {isa = PBXBuildFile; fileRef = B5C3E93820198DB3002BD045 /* AppDelegate.m */; };
		B5C3E94220198DB3002BD045 /* _______.xcdatamodeld in Sources */ = {isa = PBXBuildFile; fileRef = B5C3E94020198DB3002BD045 /* _______.xcdatamodeld */; };
		B5C3E94420198DB3002BD045 /* Assets.xcassets in Resources */ = {isa = PBXBuildFile; fileRef = B5C3E94320198DB3002BD045 /* Assets.xcassets */; };
		B5C3E94720198DB3002BD045 /* LaunchScreen.storyboard in Resources */ = {isa = PBXBuildFile; fileRef = B5C3E94520198DB3002BD045 /* LaunchScreen.storyboard */; };
		B5C3E95220198DB3002BD045 /* _______UITests.m in Sources */ = {isa = PBXBuildFile; fileRef = B5C3E95120198DB3002BD045 /* _______UITests.m */; };
		B5C3E9682019940F002BD045 /* Podfile in Resources */ = {isa = PBXBuildFile; fileRef = B5C3E9662019940F002BD045 /* Podfile */; };
		B5C3E9692019940F002BD045 /* README.md in Sources */ = {isa = PBXBuildFile; fileRef = B5C3E9672019940F002BD045 /* README.md */; };
/* End PBXBuildFile section */

/* Begin PBXContainerItemProxy section */
		B5C3E94E20198DB3002BD045 /* PBXContainerItemProxy */ = {
			isa = PBXContainerItemProxy;
			containerPortal = B5C3E92920198DB3002BD045 /* Project object */;
			proxyType = 1;
			remoteGlobalIDString = B5C3E93020198DB3002BD045;
			remoteInfo = "主流框架纯代码";
		};
/* End PBXContainerItemProxy section */

/* Begin PBXFileReference section */
		0619251463A7826A98D04C11 /* Pods-主流框架纯代码.release.xcconfig */ = {isa = PBXFileReference; includeInIndex = 1; lastKnownFileType = text.xcconfig; name = "Pods-主流框架纯代码.release.xcconfig"; path = "Pods/Target Support Files/Pods-主流框架纯代码/Pods-主流框架纯代码.release.xcconfig"; sourceTree = "<group>"; };
		0DB6BC6AC2A7EEB855D5849D /* Pods-主流框架纯代码.debug.xcconfig */ = {isa = PBXFileReference; includeInIndex = 1; lastKnownFileType = text.xcconfig; name = "Pods-主流框架纯代码.debug.xcconfig"; path = "Pods/Target Support Files/Pods-主流框架纯代码/Pods-主流框架纯代码.debug.xcconfig"; sourceTree = "<group>"; };
		5DE16FB82053BEB600B48028 /* NSArray+Log.h */ = {isa = PBXFileReference; fileEncoding = 4; lastKnownFileType = sourcecode.c.h; path = "NSArray+Log.h"; sourceTree = "<group>"; };
		5DE16FB92053BEB600B48028 /* NSArray+Log.m */ = {isa = PBXFileReference; fileEncoding = 4; lastKnownFileType = sourcecode.c.objc; path = "NSArray+Log.m"; sourceTree = "<group>"; };
		5DE16FBB2053BEB600B48028 /* PrefixHeader.pch */ = {isa = PBXFileReference; fileEncoding = 4; lastKnownFileType = sourcecode.c.h; path = PrefixHeader.pch; sourceTree = "<group>"; };
		5DE16FBF2053BF7100B48028 /* RDVTabBar.h */ = {isa = PBXFileReference; fileEncoding = 4; lastKnownFileType = sourcecode.c.h; path = RDVTabBar.h; sourceTree = "<group>"; };
		5DE16FC02053BF7100B48028 /* RDVTabBar.m */ = {isa = PBXFileReference; fileEncoding = 4; lastKnownFileType = sourcecode.c.objc; path = RDVTabBar.m; sourceTree = "<group>"; };
		5DE16FC12053BF7100B48028 /* RDVTabBarController.h */ = {isa = PBXFileReference; fileEncoding = 4; lastKnownFileType = sourcecode.c.h; path = RDVTabBarController.h; sourceTree = "<group>"; };
		5DE16FC22053BF7100B48028 /* RDVTabBarController.m */ = {isa = PBXFileReference; fileEncoding = 4; lastKnownFileType = sourcecode.c.objc; path = RDVTabBarController.m; sourceTree = "<group>"; };
		5DE16FC32053BF7100B48028 /* RDVTabBarItem.h */ = {isa = PBXFileReference; fileEncoding = 4; lastKnownFileType = sourcecode.c.h; path = RDVTabBarItem.h; sourceTree = "<group>"; };
		5DE16FC42053BF7100B48028 /* RDVTabBarItem.m */ = {isa = PBXFileReference; fileEncoding = 4; lastKnownFileType = sourcecode.c.objc; path = RDVTabBarItem.m; sourceTree = "<group>"; };
		5DE16FC82053C00500B48028 /* WYQTabBarController.h */ = {isa = PBXFileReference; fileEncoding = 4; lastKnownFileType = sourcecode.c.h; path = WYQTabBarController.h; sourceTree = "<group>"; };
		5DE16FC92053C00500B48028 /* WYQTabBarController.m */ = {isa = PBXFileReference; fileEncoding = 4; lastKnownFileType = sourcecode.c.objc; path = WYQTabBarController.m; sourceTree = "<group>"; };
		B55D6F952328E54000EBD076 /* JRSwizzle.m */ = {isa = PBXFileReference; fileEncoding = 4; lastKnownFileType = sourcecode.c.objc; path = JRSwizzle.m; sourceTree = "<group>"; };
		B55D6F962328E54100EBD076 /* JRSwizzle.h */ = {isa = PBXFileReference; fileEncoding = 4; lastKnownFileType = sourcecode.c.h; path = JRSwizzle.h; sourceTree = "<group>"; };
		B5C3E93120198DB3002BD045 /* 主流框架纯代码.app */ = {isa = PBXFileReference; explicitFileType = wrapper.application; includeInIndex = 0; path = "主流框架纯代码.app"; sourceTree = BUILT_PRODUCTS_DIR; };
		B5C3E93520198DB3002BD045 /* main.m */ = {isa = PBXFileReference; lastKnownFileType = sourcecode.c.objc; name = main.m; path = ../../main.m; sourceTree = "<group>"; };
		B5C3E93720198DB3002BD045 /* AppDelegate.h */ = {isa = PBXFileReference; lastKnownFileType = sourcecode.c.h; name = AppDelegate.h; path = ../../AppDelegate.h; sourceTree = "<group>"; };
		B5C3E93820198DB3002BD045 /* AppDelegate.m */ = {isa = PBXFileReference; lastKnownFileType = sourcecode.c.objc; name = AppDelegate.m; path = ../../AppDelegate.m; sourceTree = "<group>"; };
		B5C3E94120198DB3002BD045 /* _______.xcdatamodel */ = {isa = PBXFileReference; lastKnownFileType = wrapper.xcdatamodel; path = "_______.xcdatamodel"; sourceTree = "<group>"; };
		B5C3E94320198DB3002BD045 /* Assets.xcassets */ = {isa = PBXFileReference; lastKnownFileType = folder.assetcatalog; path = Assets.xcassets; sourceTree = "<group>"; };
		B5C3E94620198DB3002BD045 /* Base */ = {isa = PBXFileReference; lastKnownFileType = file.storyboard; name = Base; path = Base.lproj/LaunchScreen.storyboard; sourceTree = "<group>"; };
		B5C3E94820198DB3002BD045 /* Info.plist */ = {isa = PBXFileReference; lastKnownFileType = text.plist.xml; path = Info.plist; sourceTree = "<group>"; };
		B5C3E94D20198DB3002BD045 /* 主流框架纯代码UITests.xctest */ = {isa = PBXFileReference; explicitFileType = wrapper.cfbundle; includeInIndex = 0; path = "主流框架纯代码UITests.xctest"; sourceTree = BUILT_PRODUCTS_DIR; };
		B5C3E95120198DB3002BD045 /* _______UITests.m */ = {isa = PBXFileReference; lastKnownFileType = sourcecode.c.objc; path = "_______UITests.m"; sourceTree = "<group>"; };
		B5C3E95320198DB3002BD045 /* Info.plist */ = {isa = PBXFileReference; lastKnownFileType = text.plist.xml; path = Info.plist; sourceTree = "<group>"; };
		B5C3E9662019940F002BD045 /* Podfile */ = {isa = PBXFileReference; fileEncoding = 4; lastKnownFileType = text; path = Podfile; sourceTree = "<group>"; };
		B5C3E9672019940F002BD045 /* README.md */ = {isa = PBXFileReference; fileEncoding = 4; lastKnownFileType = net.daringfireball.markdown; path = README.md; sourceTree = "<group>"; };
		CFAAD0374AD7C1067199FD96 /* Pods________.framework */ = {isa = PBXFileReference; explicitFileType = wrapper.framework; includeInIndex = 0; path = "Pods________.framework"; sourceTree = BUILT_PRODUCTS_DIR; };
/* End PBXFileReference section */

/* Begin PBXFrameworksBuildPhase section */
		B5C3E92E20198DB3002BD045 /* Frameworks */ = {
			isa = PBXFrameworksBuildPhase;
			buildActionMask = 2147483647;
			files = (
				95ED0119DFC86DA6B766A9F4 /* Pods________.framework in Frameworks */,
			);
			runOnlyForDeploymentPostprocessing = 0;
		};
		B5C3E94A20198DB3002BD045 /* Frameworks */ = {
			isa = PBXFrameworksBuildPhase;
			buildActionMask = 2147483647;
			files = (
			);
			runOnlyForDeploymentPostprocessing = 0;
		};
/* End PBXFrameworksBuildPhase section */

/* Begin PBXGroup section */
		1499500BE57BD38E9BFF4346 /* Pods */ = {
			isa = PBXGroup;
			children = (
				0DB6BC6AC2A7EEB855D5849D /* Pods-主流框架纯代码.debug.xcconfig */,
				0619251463A7826A98D04C11 /* Pods-主流框架纯代码.release.xcconfig */,
			);
			name = Pods;
			sourceTree = "<group>";
		};
		5DE16FAF2053BE0700B48028 /* Classes */ = {
			isa = PBXGroup;
			children = (
				5DE16FB02053BE0700B48028 /* Classify */,
				5DE16FB42053BE0700B48028 /* Main */,
			);
			path = Classes;
			sourceTree = "<group>";
		};
		5DE16FB02053BE0700B48028 /* Classify */ = {
			isa = PBXGroup;
			children = (
				5DE16FB12053BE0700B48028 /* Controllers */,
				5DE16FB22053BE0700B48028 /* Models */,
				5DE16FB32053BE0700B48028 /* Views */,
			);
			path = Classify;
			sourceTree = "<group>";
		};
		5DE16FB12053BE0700B48028 /* Controllers */ = {
			isa = PBXGroup;
			children = (
			);
			path = Controllers;
			sourceTree = "<group>";
		};
		5DE16FB22053BE0700B48028 /* Models */ = {
			isa = PBXGroup;
			children = (
			);
			path = Models;
			sourceTree = "<group>";
		};
		5DE16FB32053BE0700B48028 /* Views */ = {
			isa = PBXGroup;
			children = (
			);
			path = Views;
			sourceTree = "<group>";
		};
		5DE16FB42053BE0700B48028 /* Main */ = {
			isa = PBXGroup;
			children = (
				B5C3E93720198DB3002BD045 /* AppDelegate.h */,
				B5C3E93820198DB3002BD045 /* AppDelegate.m */,
				5DE16FC82053C00500B48028 /* WYQTabBarController.h */,
				5DE16FC92053C00500B48028 /* WYQTabBarController.m */,
				B5C3E93520198DB3002BD045 /* main.m */,
			);
			path = Main;
			sourceTree = "<group>";
		};
		5DE16FB52053BEB600B48028 /* Others */ = {
			isa = PBXGroup;
			children = (
				5DE16FB62053BEB600B48028 /* Classes */,
				B55D6F932328E50D00EBD076 /* Category */,
				5DE16FBA2053BEB600B48028 /* PrefixHeader */,
			);
			path = Others;
			sourceTree = "<group>";
		};
		5DE16FB62053BEB600B48028 /* Classes */ = {
			isa = PBXGroup;
			children = (
				5DE16FB72053BEB600B48028 /* NSarray */,
				5DE16FBE2053BF7100B48028 /* TabBar */,
			);
			path = Classes;
			sourceTree = "<group>";
		};
		5DE16FB72053BEB600B48028 /* NSarray */ = {
			isa = PBXGroup;
			children = (
				5DE16FB82053BEB600B48028 /* NSArray+Log.h */,
				5DE16FB92053BEB600B48028 /* NSArray+Log.m */,
			);
			path = NSarray;
			sourceTree = "<group>";
		};
		5DE16FBA2053BEB600B48028 /* PrefixHeader */ = {
			isa = PBXGroup;
			children = (
				5DE16FBB2053BEB600B48028 /* PrefixHeader.pch */,
				5DE16FBC2053BEB600B48028 /* Tools */,
			);
			path = PrefixHeader;
			sourceTree = "<group>";
		};
		5DE16FBC2053BEB600B48028 /* Tools */ = {
			isa = PBXGroup;
			children = (
			);
			path = Tools;
			sourceTree = "<group>";
		};
		5DE16FBE2053BF7100B48028 /* TabBar */ = {
			isa = PBXGroup;
			children = (
				5DE16FBF2053BF7100B48028 /* RDVTabBar.h */,
				5DE16FC02053BF7100B48028 /* RDVTabBar.m */,
				5DE16FC12053BF7100B48028 /* RDVTabBarController.h */,
				5DE16FC22053BF7100B48028 /* RDVTabBarController.m */,
				5DE16FC32053BF7100B48028 /* RDVTabBarItem.h */,
				5DE16FC42053BF7100B48028 /* RDVTabBarItem.m */,
			);
			path = TabBar;
			sourceTree = "<group>";
		};
		993857CCB97AF527F76D3577 /* Frameworks */ = {
			isa = PBXGroup;
			children = (
				CFAAD0374AD7C1067199FD96 /* Pods________.framework */,
			);
			name = Frameworks;
			sourceTree = "<group>";
		};
		B55D6F932328E50D00EBD076 /* Category */ = {
			isa = PBXGroup;
			children = (
				B55D6F942328E52500EBD076 /* NSObject */,
			);
			path = Category;
			sourceTree = "<group>";
		};
		B55D6F942328E52500EBD076 /* NSObject */ = {
			isa = PBXGroup;
			children = (
				B55D6F962328E54100EBD076 /* JRSwizzle.h */,
				B55D6F952328E54000EBD076 /* JRSwizzle.m */,
			);
			path = NSObject;
			sourceTree = "<group>";
		};
		B5C3E92820198DB3002BD045 = {
			isa = PBXGroup;
			children = (
				B5C3E9662019940F002BD045 /* Podfile */,
				B5C3E9672019940F002BD045 /* README.md */,
				B5C3E93320198DB3002BD045 /* 主流框架纯代码 */,
				B5C3E95020198DB3002BD045 /* 主流框架纯代码UITests */,
				B5C3E93220198DB3002BD045 /* Products */,
				1499500BE57BD38E9BFF4346 /* Pods */,
				993857CCB97AF527F76D3577 /* Frameworks */,
			);
			sourceTree = "<group>";
		};
		B5C3E93220198DB3002BD045 /* Products */ = {
			isa = PBXGroup;
			children = (
				B5C3E93120198DB3002BD045 /* 主流框架纯代码.app */,
				B5C3E94D20198DB3002BD045 /* 主流框架纯代码UITests.xctest */,
			);
			name = Products;
			sourceTree = "<group>";
		};
		B5C3E93320198DB3002BD045 /* 主流框架纯代码 */ = {
			isa = PBXGroup;
			children = (
				5DE16FAF2053BE0700B48028 /* Classes */,
				5DE16FB52053BEB600B48028 /* Others */,
				B5C3E93420198DB3002BD045 /* Supporting Files */,
			);
			path = "主流框架纯代码";
			sourceTree = "<group>";
		};
		B5C3E93420198DB3002BD045 /* Supporting Files */ = {
			isa = PBXGroup;
			children = (
				B5C3E94320198DB3002BD045 /* Assets.xcassets */,
				B5C3E94520198DB3002BD045 /* LaunchScreen.storyboard */,
				B5C3E94820198DB3002BD045 /* Info.plist */,
				B5C3E94020198DB3002BD045 /* _______.xcdatamodeld */,
			);
			name = "Supporting Files";
			sourceTree = "<group>";
		};
		B5C3E95020198DB3002BD045 /* 主流框架纯代码UITests */ = {
			isa = PBXGroup;
			children = (
				B5C3E95120198DB3002BD045 /* _______UITests.m */,
				B5C3E95320198DB3002BD045 /* Info.plist */,
			);
			path = "主流框架纯代码UITests";
			sourceTree = "<group>";
		};
/* End PBXGroup section */

/* Begin PBXNativeTarget section */
		B5C3E93020198DB3002BD045 /* 主流框架纯代码 */ = {
			isa = PBXNativeTarget;
			buildConfigurationList = B5C3E95620198DB3002BD045 /* Build configuration list for PBXNativeTarget "主流框架纯代码" */;
			buildPhases = (
				C6E566A35D6A8E3A374E3A3F /* [CP] Check Pods Manifest.lock */,
				B5C3E92D20198DB3002BD045 /* Sources */,
				B5C3E92E20198DB3002BD045 /* Frameworks */,
				B5C3E92F20198DB3002BD045 /* Resources */,
				30C71666E0D631ECCE753B26 /* [CP] Embed Pods Frameworks */,
				6F2C13C0FF364BC65CC64E95 /* [CP] Copy Pods Resources */,
			);
			buildRules = (
			);
			dependencies = (
			);
			name = "主流框架纯代码";
			productName = "主流框架纯代码";
			productReference = B5C3E93120198DB3002BD045 /* 主流框架纯代码.app */;
			productType = "com.apple.product-type.application";
		};
		B5C3E94C20198DB3002BD045 /* 主流框架纯代码UITests */ = {
			isa = PBXNativeTarget;
			buildConfigurationList = B5C3E95920198DB3002BD045 /* Build configuration list for PBXNativeTarget "主流框架纯代码UITests" */;
			buildPhases = (
				B5C3E94920198DB3002BD045 /* Sources */,
				B5C3E94A20198DB3002BD045 /* Frameworks */,
				B5C3E94B20198DB3002BD045 /* Resources */,
			);
			buildRules = (
			);
			dependencies = (
				B5C3E94F20198DB3002BD045 /* PBXTargetDependency */,
			);
			name = "主流框架纯代码UITests";
			productName = "主流框架纯代码UITests";
			productReference = B5C3E94D20198DB3002BD045 /* 主流框架纯代码UITests.xctest */;
			productType = "com.apple.product-type.bundle.ui-testing";
		};
/* End PBXNativeTarget section */

/* Begin PBXProject section */
		B5C3E92920198DB3002BD045 /* Project object */ = {
			isa = PBXProject;
			attributes = {
				CLASSPREFIX = WYQ;
				LastUpgradeCheck = 0830;
				ORGANIZATIONNAME = neo;
				TargetAttributes = {
					B5C3E93020198DB3002BD045 = {
						CreatedOnToolsVersion = 8.3.3;
						DevelopmentTeam = 5P46D56G7P;
						ProvisioningStyle = Automatic;
					};
					B5C3E94C20198DB3002BD045 = {
						CreatedOnToolsVersion = 8.3.3;
						DevelopmentTeam = 5P46D56G7P;
						ProvisioningStyle = Automatic;
						TestTargetID = B5C3E93020198DB3002BD045;
					};
				};
			};
			buildConfigurationList = B5C3E92C20198DB3002BD045 /* Build configuration list for PBXProject "主流框架纯代码" */;
			compatibilityVersion = "Xcode 3.2";
			developmentRegion = English;
			hasScannedForEncodings = 0;
			knownRegions = (
				en,
				Base,
			);
			mainGroup = B5C3E92820198DB3002BD045;
			productRefGroup = B5C3E93220198DB3002BD045 /* Products */;
			projectDirPath = "";
			projectRoot = "";
			targets = (
				B5C3E93020198DB3002BD045 /* 主流框架纯代码 */,
				B5C3E94C20198DB3002BD045 /* 主流框架纯代码UITests */,
			);
		};
/* End PBXProject section */

/* Begin PBXResourcesBuildPhase section */
		B5C3E92F20198DB3002BD045 /* Resources */ = {
			isa = PBXResourcesBuildPhase;
			buildActionMask = 2147483647;
			files = (
				B5C3E9682019940F002BD045 /* Podfile in Resources */,
				B5C3E94720198DB3002BD045 /* LaunchScreen.storyboard in Resources */,
				B5C3E94420198DB3002BD045 /* Assets.xcassets in Resources */,
			);
			runOnlyForDeploymentPostprocessing = 0;
		};
		B5C3E94B20198DB3002BD045 /* Resources */ = {
			isa = PBXResourcesBuildPhase;
			buildActionMask = 2147483647;
			files = (
			);
			runOnlyForDeploymentPostprocessing = 0;
		};
/* End PBXResourcesBuildPhase section */

/* Begin PBXShellScriptBuildPhase section */
		30C71666E0D631ECCE753B26 /* [CP] Embed Pods Frameworks */ = {
			isa = PBXShellScriptBuildPhase;
			buildActionMask = 2147483647;
			files = (
			);
			inputPaths = (
				"${SRCROOT}/Pods/Target Support Files/Pods-主流框架纯代码/Pods-主流框架纯代码-frameworks.sh",
				"${BUILT_PRODUCTS_DIR}/Masonry/Masonry.framework",
			);
			name = "[CP] Embed Pods Frameworks";
			outputPaths = (
				"${TARGET_BUILD_DIR}/${FRAMEWORKS_FOLDER_PATH}/Masonry.framework",
			);
			runOnlyForDeploymentPostprocessing = 0;
			shellPath = /bin/sh;
			shellScript = "\"${SRCROOT}/Pods/Target Support Files/Pods-主流框架纯代码/Pods-主流框架纯代码-frameworks.sh\"\n";
			showEnvVarsInLog = 0;
		};
		6F2C13C0FF364BC65CC64E95 /* [CP] Copy Pods Resources */ = {
			isa = PBXShellScriptBuildPhase;
			buildActionMask = 2147483647;
			files = (
			);
			inputPaths = (
			);
			name = "[CP] Copy Pods Resources";
			outputPaths = (
			);
			runOnlyForDeploymentPostprocessing = 0;
			shellPath = /bin/sh;
			shellScript = "\"${SRCROOT}/Pods/Target Support Files/Pods-主流框架纯代码/Pods-主流框架纯代码-resources.sh\"\n";
			showEnvVarsInLog = 0;
		};
		C6E566A35D6A8E3A374E3A3F /* [CP] Check Pods Manifest.lock */ = {
			isa = PBXShellScriptBuildPhase;
			buildActionMask = 2147483647;
			files = (
			);
			inputPaths = (
				"${PODS_PODFILE_DIR_PATH}/Podfile.lock",
				"${PODS_ROOT}/Manifest.lock",
			);
			name = "[CP] Check Pods Manifest.lock";
			outputPaths = (
				"$(DERIVED_FILE_DIR)/Pods-主流框架纯代码-checkManifestLockResult.txt",
			);
			runOnlyForDeploymentPostprocessing = 0;
			shellPath = /bin/sh;
			shellScript = "diff \"${PODS_PODFILE_DIR_PATH}/Podfile.lock\" \"${PODS_ROOT}/Manifest.lock\" > /dev/null\nif [ $? != 0 ] ; then\n    # print error to STDERR\n    echo \"error: The sandbox is not in sync with the Podfile.lock. Run 'pod install' or update your CocoaPods installation.\" >&2\n    exit 1\nfi\n# This output is used by Xcode 'outputs' to avoid re-running this script phase.\necho \"SUCCESS\" > \"${SCRIPT_OUTPUT_FILE_0}\"\n";
			showEnvVarsInLog = 0;
		};
/* End PBXShellScriptBuildPhase section */

/* Begin PBXSourcesBuildPhase section */
		B5C3E92D20198DB3002BD045 /* Sources */ = {
			isa = PBXSourcesBuildPhase;
			buildActionMask = 2147483647;
			files = (
				5DE16FBD2053BEB600B48028 /* NSArray+Log.m in Sources */,
				5DE16FC72053BF7100B48028 /* RDVTabBarItem.m in Sources */,
				B5C3E94220198DB3002BD045 /* _______.xcdatamodeld in Sources */,
				5DE16FC62053BF7100B48028 /* RDVTabBarController.m in Sources */,
				B55D6F972328E54100EBD076 /* JRSwizzle.m in Sources */,
				5DE16FCA2053C00500B48028 /* WYQTabBarController.m in Sources */,
				5DE16FC52053BF7100B48028 /* RDVTabBar.m in Sources */,
				B5C3E9692019940F002BD045 /* README.md in Sources */,
				B5C3E93920198DB3002BD045 /* AppDelegate.m in Sources */,
				B5C3E93620198DB3002BD045 /* main.m in Sources */,
			);
			runOnlyForDeploymentPostprocessing = 0;
		};
		B5C3E94920198DB3002BD045 /* Sources */ = {
			isa = PBXSourcesBuildPhase;
			buildActionMask = 2147483647;
			files = (
				B5C3E95220198DB3002BD045 /* _______UITests.m in Sources */,
			);
			runOnlyForDeploymentPostprocessing = 0;
		};
/* End PBXSourcesBuildPhase section */

/* Begin PBXTargetDependency section */
		B5C3E94F20198DB3002BD045 /* PBXTargetDependency */ = {
			isa = PBXTargetDependency;
			target = B5C3E93020198DB3002BD045 /* 主流框架纯代码 */;
			targetProxy = B5C3E94E20198DB3002BD045 /* PBXContainerItemProxy */;
		};
/* End PBXTargetDependency section */

/* Begin PBXVariantGroup section */
		B5C3E94520198DB3002BD045 /* LaunchScreen.storyboard */ = {
			isa = PBXVariantGroup;
			children = (
				B5C3E94620198DB3002BD045 /* Base */,
			);
			name = LaunchScreen.storyboard;
			sourceTree = "<group>";
		};
/* End PBXVariantGroup section */

/* Begin XCBuildConfiguration section */
		B5C3E95420198DB3002BD045 /* Debug */ = {
			isa = XCBuildConfiguration;
			buildSettings = {
				ALWAYS_SEARCH_USER_PATHS = NO;
				CLANG_ANALYZER_NONNULL = YES;
				CLANG_ANALYZER_NUMBER_OBJECT_CONVERSION = YES_AGGRESSIVE;
				CLANG_CXX_LANGUAGE_STANDARD = "gnu++0x";
				CLANG_CXX_LIBRARY = "libc++";
				CLANG_ENABLE_MODULES = YES;
				CLANG_ENABLE_OBJC_ARC = YES;
				CLANG_WARN_BOOL_CONVERSION = YES;
				CLANG_WARN_CONSTANT_CONVERSION = YES;
				CLANG_WARN_DIRECT_OBJC_ISA_USAGE = YES_ERROR;
				CLANG_WARN_DOCUMENTATION_COMMENTS = YES;
				CLANG_WARN_EMPTY_BODY = YES;
				CLANG_WARN_ENUM_CONVERSION = YES;
				CLANG_WARN_INFINITE_RECURSION = YES;
				CLANG_WARN_INT_CONVERSION = YES;
				CLANG_WARN_OBJC_ROOT_CLASS = YES_ERROR;
				CLANG_WARN_SUSPICIOUS_MOVE = YES;
				CLANG_WARN_UNREACHABLE_CODE = YES;
				CLANG_WARN__DUPLICATE_METHOD_MATCH = YES;
				"CODE_SIGN_IDENTITY[sdk=iphoneos*]" = "iPhone Developer";
				COPY_PHASE_STRIP = NO;
				DEBUG_INFORMATION_FORMAT = dwarf;
				ENABLE_STRICT_OBJC_MSGSEND = YES;
				ENABLE_TESTABILITY = YES;
				GCC_C_LANGUAGE_STANDARD = gnu99;
				GCC_DYNAMIC_NO_PIC = NO;
				GCC_NO_COMMON_BLOCKS = YES;
				GCC_OPTIMIZATION_LEVEL = 0;
				GCC_PREPROCESSOR_DEFINITIONS = (
					"DEBUG=1",
					"$(inherited)",
				);
				GCC_WARN_64_TO_32_BIT_CONVERSION = YES;
				GCC_WARN_ABOUT_RETURN_TYPE = YES_ERROR;
				GCC_WARN_UNDECLARED_SELECTOR = YES;
				GCC_WARN_UNINITIALIZED_AUTOS = YES_AGGRESSIVE;
				GCC_WARN_UNUSED_FUNCTION = YES;
				GCC_WARN_UNUSED_VARIABLE = YES;
				IPHONEOS_DEPLOYMENT_TARGET = 10.3;
				MTL_ENABLE_DEBUG_INFO = YES;
				ONLY_ACTIVE_ARCH = YES;
				SDKROOT = iphoneos;
			};
			name = Debug;
		};
		B5C3E95520198DB3002BD045 /* Release */ = {
			isa = XCBuildConfiguration;
			buildSettings = {
				ALWAYS_SEARCH_USER_PATHS = NO;
				CLANG_ANALYZER_NONNULL = YES;
				CLANG_ANALYZER_NUMBER_OBJECT_CONVERSION = YES_AGGRESSIVE;
				CLANG_CXX_LANGUAGE_STANDARD = "gnu++0x";
				CLANG_CXX_LIBRARY = "libc++";
				CLANG_ENABLE_MODULES = YES;
				CLANG_ENABLE_OBJC_ARC = YES;
				CLANG_WARN_BOOL_CONVERSION = YES;
				CLANG_WARN_CONSTANT_CONVERSION = YES;
				CLANG_WARN_DIRECT_OBJC_ISA_USAGE = YES_ERROR;
				CLANG_WARN_DOCUMENTATION_COMMENTS = YES;
				CLANG_WARN_EMPTY_BODY = YES;
				CLANG_WARN_ENUM_CONVERSION = YES;
				CLANG_WARN_INFINITE_RECURSION = YES;
				CLANG_WARN_INT_CONVERSION = YES;
				CLANG_WARN_OBJC_ROOT_CLASS = YES_ERROR;
				CLANG_WARN_SUSPICIOUS_MOVE = YES;
				CLANG_WARN_UNREACHABLE_CODE = YES;
				CLANG_WARN__DUPLICATE_METHOD_MATCH = YES;
				"CODE_SIGN_IDENTITY[sdk=iphoneos*]" = "iPhone Developer";
				COPY_PHASE_STRIP = NO;
				DEBUG_INFORMATION_FORMAT = "dwarf-with-dsym";
				ENABLE_NS_ASSERTIONS = NO;
				ENABLE_STRICT_OBJC_MSGSEND = YES;
				GCC_C_LANGUAGE_STANDARD = gnu99;
				GCC_NO_COMMON_BLOCKS = YES;
				GCC_WARN_64_TO_32_BIT_CONVERSION = YES;
				GCC_WARN_ABOUT_RETURN_TYPE = YES_ERROR;
				GCC_WARN_UNDECLARED_SELECTOR = YES;
				GCC_WARN_UNINITIALIZED_AUTOS = YES_AGGRESSIVE;
				GCC_WARN_UNUSED_FUNCTION = YES;
				GCC_WARN_UNUSED_VARIABLE = YES;
				IPHONEOS_DEPLOYMENT_TARGET = 10.3;
				MTL_ENABLE_DEBUG_INFO = NO;
				SDKROOT = iphoneos;
				VALIDATE_PRODUCT = YES;
			};
			name = Release;
		};
		B5C3E95720198DB3002BD045 /* Debug */ = {
			isa = XCBuildConfiguration;
			baseConfigurationReference = 0DB6BC6AC2A7EEB855D5849D /* Pods-主流框架纯代码.debug.xcconfig */;
			buildSettings = {
				ASSETCATALOG_COMPILER_APPICON_NAME = AppIcon;
				DEVELOPMENT_TEAM = 5P46D56G7P;
				GCC_PREFIX_HEADER = "./$(PROJECT_NAME)/Others/PrefixHeader/PrefixHeader.pch";
				INFOPLIST_FILE = "主流框架纯代码/Info.plist";
				LD_RUNPATH_SEARCH_PATHS = "$(inherited) @executable_path/Frameworks";
				PRODUCT_BUNDLE_IDENTIFIER = "com.yaqiang.-------";
				PRODUCT_NAME = "$(TARGET_NAME)";
			};
			name = Debug;
		};
		B5C3E95820198DB3002BD045 /* Release */ = {
			isa = XCBuildConfiguration;
			baseConfigurationReference = 0619251463A7826A98D04C11 /* Pods-主流框架纯代码.release.xcconfig */;
			buildSettings = {
				ASSETCATALOG_COMPILER_APPICON_NAME = AppIcon;
				DEVELOPMENT_TEAM = 5P46D56G7P;
				GCC_PREFIX_HEADER = "./$(PROJECT_NAME)/Others/PrefixHeader/PrefixHeader.pch";
				INFOPLIST_FILE = "主流框架纯代码/Info.plist";
				LD_RUNPATH_SEARCH_PATHS = "$(inherited) @executable_path/Frameworks";
				PRODUCT_BUNDLE_IDENTIFIER = "com.yaqiang.-------";
				PRODUCT_NAME = "$(TARGET_NAME)";
			};
			name = Release;
		};
		B5C3E95A20198DB3002BD045 /* Debug */ = {
			isa = XCBuildConfiguration;
			buildSettings = {
				DEVELOPMENT_TEAM = 5P46D56G7P;
				INFOPLIST_FILE = "主流框架纯代码UITests/Info.plist";
				LD_RUNPATH_SEARCH_PATHS = "$(inherited) @executable_path/Frameworks @loader_path/Frameworks";
				PRODUCT_BUNDLE_IDENTIFIER = "com.yaqiang.-------UITests";
				PRODUCT_NAME = "$(TARGET_NAME)";
				TEST_TARGET_NAME = "主流框架纯代码";
			};
			name = Debug;
		};
		B5C3E95B20198DB3002BD045 /* Release */ = {
			isa = XCBuildConfiguration;
			buildSettings = {
				DEVELOPMENT_TEAM = 5P46D56G7P;
				INFOPLIST_FILE = "主流框架纯代码UITests/Info.plist";
				LD_RUNPATH_SEARCH_PATHS = "$(inherited) @executable_path/Frameworks @loader_path/Frameworks";
				PRODUCT_BUNDLE_IDENTIFIER = "com.yaqiang.-------UITests";
				PRODUCT_NAME = "$(TARGET_NAME)";
				TEST_TARGET_NAME = "主流框架纯代码";
			};
			name = Release;
		};
/* End XCBuildConfiguration section */

/* Begin XCConfigurationList section */
		B5C3E92C20198DB3002BD045 /* Build configuration list for PBXProject "主流框架纯代码" */ = {
			isa = XCConfigurationList;
			buildConfigurations = (
				B5C3E95420198DB3002BD045 /* Debug */,
				B5C3E95520198DB3002BD045 /* Release */,
			);
			defaultConfigurationIsVisible = 0;
			defaultConfigurationName = Release;
		};
		B5C3E95620198DB3002BD045 /* Build configuration list for PBXNativeTarget "主流框架纯代码" */ = {
			isa = XCConfigurationList;
			buildConfigurations = (
				B5C3E95720198DB3002BD045 /* Debug */,
				B5C3E95820198DB3002BD045 /* Release */,
			);
			defaultConfigurationIsVisible = 0;
			defaultConfigurationName = Release;
		};
		B5C3E95920198DB3002BD045 /* Build configuration list for PBXNativeTarget "主流框架纯代码UITests" */ = {
			isa = XCConfigurationList;
			buildConfigurations = (
				B5C3E95A20198DB3002BD045 /* Debug */,
				B5C3E95B20198DB3002BD045 /* Release */,
			);
			defaultConfigurationIsVisible = 0;
			defaultConfigurationName = Release;
		};
/* End XCConfigurationList section */

/* Begin XCVersionGroup section */
		B5C3E94020198DB3002BD045 /* _______.xcdatamodeld */ = {
			isa = XCVersionGroup;
			children = (
				B5C3E94120198DB3002BD045 /* _______.xcdatamodel */,
			);
			currentVersion = B5C3E94120198DB3002BD045 /* _______.xcdatamodel */;
			path = "_______.xcdatamodeld";
			sourceTree = "<group>";
			versionGroupType = wrapper.xcdatamodel;
		};
/* End XCVersionGroup section */
	};
	rootObject = B5C3E92920198DB3002BD045 /* Project object */;
}
